
Microsoft Visual Studio Solution File, Format Version 12.00
# Visual Studio 2017
Project("{FAE04EC0-301F-11D3-BF4B-00C04F79EFBC}") = "Lesson1", "Lesson1.csproj", "{AFBC669F-B6E3-0EA7-4880-0814BC8956D0}"
EndProject
Global
	GlobalSection(SolutionConfigurationPlatforms) = preSolution
		Debug|Any CPU = Debug|Any CPU
		Release|Any CPU = Release|Any CPU
	EndGlobalSection
	GlobalSection(ProjectConfigurationPlatforms) = postSolution
		{AFBC669F-B6E3-0EA7-4880-0814BC8956D0}.Debug|Any CPU.ActiveCfg = Debug|Any CPU
		{AFBC669F-B6E3-0EA7-4880-0814BC8956D0}.Debug|Any CPU.Build.0 = Debug|Any CPU
		{AFBC669F-B6E3-0EA7-4880-0814BC8956D0}.Release|Any CPU.ActiveCfg = Release|Any CPU
		{AFBC669F-B6E3-0EA7-4880-0814BC8956D0}.Release|Any CPU.Build.0 = Release|Any CPU
	EndGlobalSection
	GlobalSection(SolutionProperties) = preSolution
		HideSolutionNode = FALSE
	EndGlobalSection
EndGlobal
